
Microsoft Visual Studio Solution File, Format Version 12.00
# Visual Studio Version 16
VisualStudioVersion = 16.0.35229.62
MinimumVisualStudioVersion = 10.0.40219.1
Project("{8BC9CEB8-8B4A-11D0-8D11-00A0C91BC942}") = "Lab1Base", "Lab1Base\Lab1Base.vcxproj", "{F4A40826-D0BC-49D7-B52E-189128072FAD}"
EndProject
Project("{8BC9CEB8-8B4A-11D0-8D11-00A0C91BC942}") = "Lab1Child", "Lab1Child\Lab1Child.vcxproj", "{E8C08C2D-30B2-4764-819F-1CCE0C03DC3A}"
EndProject
Project("{8BC9CEB8-8B4A-11D0-8D11-00A0C91BC942}") = "Lab2", "Lab2\Lab2.vcxproj", "{B994CC4C-1DA6-404E-B3EE-0EE75D0FB139}"
EndProject
Global
	GlobalSection(SolutionConfigurationPlatforms) = preSolution
		Debug|x64 = Debug|x64
		Debug|x86 = Debug|x86
		Release|x64 = Release|x64
		Release|x86 = Release|x86
	EndGlobalSection
	GlobalSection(ProjectConfigurationPlatforms) = postSolution
		{F4A40826-D0BC-49D7-B52E-189128072FAD}.Debug|x64.ActiveCfg = Debug|x64
		{F4A40826-D0BC-49D7-B52E-189128072FAD}.Debug|x64.Build.0 = Debug|x64
		{F4A40826-D0BC-49D7-B52E-189128072FAD}.Debug|x86.ActiveCfg = Debug|Win32
		{F4A40826-D0BC-49D7-B52E-189128072FAD}.Debug|x86.Build.0 = Debug|Win32
		{F4A40826-D0BC-49D7-B52E-189128072FAD}.Release|x64.ActiveCfg = Release|x64
		{F4A40826-D0BC-49D7-B52E-189128072FAD}.Release|x64.Build.0 = Release|x64
		{F4A40826-D0BC-49D7-B52E-189128072FAD}.Release|x86.ActiveCfg = Release|Win32
		{F4A40826-D0BC-49D7-B52E-189128072FAD}.Release|x86.Build.0 = Release|Win32
		{E8C08C2D-30B2-4764-819F-1CCE0C03DC3A}.Debug|x64.ActiveCfg = Debug|x64
		{E8C08C2D-30B2-4764-819F-1CCE0C03DC3A}.Debug|x64.Build.0 = Debug|x64
		{E8C08C2D-30B2-4764-819F-1CCE0C03DC3A}.Debug|x86.ActiveCfg = Debug|Win32
		{E8C08C2D-30B2-4764-819F-1CCE0C03DC3A}.Debug|x86.Build.0 = Debug|Win32
		{E8C08C2D-30B2-4764-819F-1CCE0C03DC3A}.Release|x64.ActiveCfg = Release|x64
		{E8C08C2D-30B2-4764-819F-1CCE0C03DC3A}.Release|x64.Build.0 = Release|x64
		{E8C08C2D-30B2-4764-819F-1CCE0C03DC3A}.Release|x86.ActiveCfg = Release|Win32
		{E8C08C2D-30B2-4764-819F-1CCE0C03DC3A}.Release|x86.Build.0 = Release|Win32
		{B994CC4C-1DA6-404E-B3EE-0EE75D0FB139}.Debug|x64.ActiveCfg = Debug|x64
		{B994CC4C-1DA6-404E-B3EE-0EE75D0FB139}.Debug|x64.Build.0 = Debug|x64
		{B994CC4C-1DA6-404E-B3EE-0EE75D0FB139}.Debug|x86.ActiveCfg = Debug|Win32
		{B994CC4C-1DA6-404E-B3EE-0EE75D0FB139}.Debug|x86.Build.0 = Debug|Win32
		{B994CC4C-1DA6-404E-B3EE-0EE75D0FB139}.Release|x64.ActiveCfg = Release|x64
		{B994CC4C-1DA6-404E-B3EE-0EE75D0FB139}.Release|x64.Build.0 = Release|x64
		{B994CC4C-1DA6-404E-B3EE-0EE75D0FB139}.Release|x86.ActiveCfg = Release|Win32
		{B994CC4C-1DA6-404E-B3EE-0EE75D0FB139}.Release|x86.Build.0 = Release|Win32
	EndGlobalSection
	GlobalSection(SolutionProperties) = preSolution
		HideSolutionNode = FALSE
	EndGlobalSection
	GlobalSection(ExtensibilityGlobals) = postSolution
		SolutionGuid = {8D443BDD-6913-4698-81FA-E82796C0B2D0}
	EndGlobalSection
EndGlobal
